
Microsoft Visual Studio Solution File, Format Version 12.00
# Visual Studio Version 17
VisualStudioVersion = 17.10.35122.118
MinimumVisualStudioVersion = 10.0.40219.1
Project("{FAE04EC0-301F-11D3-BF4B-00C04F79EFBC}") = "TestGenericClass", "TestGenericClass\TestGenericClass.csproj", "{4353BFBD-89FA-47E3-9BD1-99BD229BEA9D}"
EndProject
Global
	GlobalSection(SolutionConfigurationPlatforms) = preSolution
		Debug|Any CPU = Debug|Any CPU
		Release|Any CPU = Release|Any CPU
	EndGlobalSection
	GlobalSection(ProjectConfigurationPlatforms) = postSolution
		{4353BFBD-89FA-47E3-9BD1-99BD229BEA9D}.Debug|Any CPU.ActiveCfg = Debug|Any CPU
		{4353BFBD-89FA-47E3-9BD1-99BD229BEA9D}.Debug|Any CPU.Build.0 = Debug|Any CPU
		{4353BFBD-89FA-47E3-9BD1-99BD229BEA9D}.Release|Any CPU.ActiveCfg = Release|Any CPU
		{4353BFBD-89FA-47E3-9BD1-99BD229BEA9D}.Release|Any CPU.Build.0 = Release|Any CPU
	EndGlobalSection
	GlobalSection(SolutionProperties) = preSolution
		HideSolutionNode = FALSE
	EndGlobalSection
	GlobalSection(ExtensibilityGlobals) = postSolution
		SolutionGuid = {B40AB6A0-02A6-4540-879B-7AC4FF9DBD30}
	EndGlobalSection
EndGlobal
